PODS:
  - flt_worker (0.0.1):
    - Flutter
  - Flutter (1.0.0)

DEPENDENCIES:
  - flt_worker (from `.symlinks/plugins/flt_worker/ios`)
  - Flutter (from `Flutter`)

EXTERNAL SOURCES:
  flt_worker:
    :path: ".symlinks/plugins/flt_worker/ios"
  Flutter:
    :path: Flutter

SPEC CHECKSUMS:
  flt_worker: f24358786521d942e4dfd72e9c13dbe89fbd0309
  Flutter: 0e3d915762c693b495b44d77113d4970485de6ec

PODFILE CHECKSUM: 083258d7f5e80b42ea9bfee905fe93049bc04c64

COCOAPODS: 1.8.4
